
Microsoft Visual Studio Solution File, Format Version 12.00
# Visual Studio Version 16
VisualStudioVersion = 16.0.33529.622
MinimumVisualStudioVersion = 10.0.40219.1
Project("{8BC9CEB8-8B4A-11D0-8D11-00A0C91BC942}") = "Final", "Final.vcxproj", "{7D52C86A-13FA-4FEA-9280-F224C1A93A1D}"
EndProject
Global
	GlobalSection(SolutionConfigurationPlatforms) = preSolution
		Debug|x64 = Debug|x64
		Debug|x86 = Debug|x86
		Release|x64 = Release|x64
		Release|x86 = Release|x86
	EndGlobalSection
	GlobalSection(ProjectConfigurationPlatforms) = postSolution
		{7D52C86A-13FA-4FEA-9280-F224C1A93A1D}.Debug|x64.ActiveCfg = Debug|x64
		{7D52C86A-13FA-4FEA-9280-F224C1A93A1D}.Debug|x64.Build.0 = Debug|x64
		{7D52C86A-13FA-4FEA-9280-F224C1A93A1D}.Debug|x86.ActiveCfg = Debug|Win32
		{7D52C86A-13FA-4FEA-9280-F224C1A93A1D}.Debug|x86.Build.0 = Debug|Win32
		{7D52C86A-13FA-4FEA-9280-F224C1A93A1D}.Release|x64.ActiveCfg = Release|x64
		{7D52C86A-13FA-4FEA-9280-F224C1A93A1D}.Release|x64.Build.0 = Release|x64
		{7D52C86A-13FA-4FEA-9280-F224C1A93A1D}.Release|x86.ActiveCfg = Release|Win32
		{7D52C86A-13FA-4FEA-9280-F224C1A93A1D}.Release|x86.Build.0 = Release|Win32
	EndGlobalSection
	GlobalSection(SolutionProperties) = preSolution
		HideSolutionNode = FALSE
	EndGlobalSection
	GlobalSection(ExtensibilityGlobals) = postSolution
		SolutionGuid = {26B81CDE-18F9-46BA-B7CA-C9AA7733A7DD}
	EndGlobalSection
EndGlobal
